
Microsoft Visual Studio Solution File, Format Version 12.00
# Visual Studio Version 17
VisualStudioVersion = 17.4.33205.214
MinimumVisualStudioVersion = 10.0.40219.1
Project("{FAE04EC0-301F-11D3-BF4B-00C04F79EFBC}") = "RR-Server", "RR-Server\RR-Server.csproj", "{853DDA7C-56CF-4CA6-ACA2-AC20BF14FA29}"
EndProject
Global
	GlobalSection(SolutionConfigurationPlatforms) = preSolution
		Debug|Any CPU = Debug|Any CPU
		Release|Any CPU = Release|Any CPU
	EndGlobalSection
	GlobalSection(ProjectConfigurationPlatforms) = postSolution
		{853DDA7C-56CF-4CA6-ACA2-AC20BF14FA29}.Debug|Any CPU.ActiveCfg = Debug|Any CPU
		{853DDA7C-56CF-4CA6-ACA2-AC20BF14FA29}.Debug|Any CPU.Build.0 = Debug|Any CPU
		{853DDA7C-56CF-4CA6-ACA2-AC20BF14FA29}.Release|Any CPU.ActiveCfg = Release|Any CPU
		{853DDA7C-56CF-4CA6-ACA2-AC20BF14FA29}.Release|Any CPU.Build.0 = Release|Any CPU
	EndGlobalSection
	GlobalSection(SolutionProperties) = preSolution
		HideSolutionNode = FALSE
	EndGlobalSection
	GlobalSection(ExtensibilityGlobals) = postSolution
		SolutionGuid = {7D874450-E0A8-4560-98C6-53C0D7EE2074}
	EndGlobalSection
EndGlobal
